
Microsoft Visual Studio Solution File, Format Version 12.00
# Visual Studio Version 17
VisualStudioVersion = 17.0.31903.59
MinimumVisualStudioVersion = 10.0.40219.1
Project("{9A19103F-16F7-4668-BE54-9A1E7A4F7556}") = "App", "src\App\App.csproj", "{1CCD14AC-EED1-4D12-ADF8-8C9F5047F342}"
EndProject
Project("{9A19103F-16F7-4668-BE54-9A1E7A4F7556}") = "UI", "src\UI\UI.csproj", "{8EBD618E-5F92-4E4A-B4C5-38FCEECDB9A7}"
EndProject
Project("{9A19103F-16F7-4668-BE54-9A1E7A4F7556}") = "Core", "src\Core\Core.csproj", "{9AC8AEEA-A71F-446E-8981-B67DAE3EE2D6}"
EndProject
Project("{9A19103F-16F7-4668-BE54-9A1E7A4F7556}") = "Infrastructure", "src\Infrastructure\Infrastructure.csproj", "{0C36C851-15A6-4A4E-BEE2-B994C04FD637}"
EndProject
Project("{9A19103F-16F7-4668-BE54-9A1E7A4F7556}") = "Video", "src\Video\Video.csproj", "{5B85BE14-93C3-4CD8-BCCB-DB597A01A823}"
EndProject
Project("{9A19103F-16F7-4668-BE54-9A1E7A4F7556}") = "Audio", "src\Audio\Audio.csproj", "{D32B4202-5C56-49B7-A6C8-E03B0F073CF8}"
EndProject
Project("{9A19103F-16F7-4668-BE54-9A1E7A4F7556}") = "Timeline", "src\Timeline\Timeline.csproj", "{906D8B19-9927-4A0C-A71F-51B478D1F765}"
EndProject
Project("{9A19103F-16F7-4668-BE54-9A1E7A4F7556}") = "Media", "src\Media\Media.csproj", "{BDD927D0-2293-48F1-B3D9-5C7C4661EC30}"
EndProject
Project("{9A19103F-16F7-4668-BE54-9A1E7A4F7556}") = "Effects", "src\Effects\Effects.csproj", "{8DEC555C-407D-41F9-AB48-46F748B8883C}"
EndProject
Project("{9A19103F-16F7-4668-BE54-9A1E7A4F7556}") = "Export", "src\Export\Export.csproj", "{33AD6127-FBF5-4100-9C01-C1955CF6658E}"
EndProject
Project("{9A19103F-16F7-4668-BE54-9A1E7A4F7556}") = "Project", "src\Project\Project.csproj", "{2377CD88-948B-4936-B134-8F5329D41D30}"
EndProject
Project("{9A19103F-16F7-4668-BE54-9A1E7A4F7556}") = "Core.Tests", "tests\Core.Tests\Core.Tests.csproj", "{0688146E-C2A4-4C22-BB27-87F1054D9F8B}"
EndProject
Project("{2150E333-8FDC-42A3-9474-1A3956D46DE8}") = "src", "src", "{11111111-0000-0000-0000-000000000001}"
EndProject
Project("{2150E333-8FDC-42A3-9474-1A3956D46DE8}") = "tests", "tests", "{11111111-0000-0000-0000-000000000002}"
EndProject
Project("{FAE04EC0-301F-11D3-BF4B-00C04F79EFBC}") = "Timeline.Tests", "tests\Timeline.Tests\Timeline.Tests.csproj", "{6391B25A-A3E6-4D01-9DFF-20AF0A3382C3}"
EndProject
Project("{FAE04EC0-301F-11D3-BF4B-00C04F79EFBC}") = "UI.Tests", "tests\UI.Tests\UI.Tests.csproj", "{C1B51FCC-65FE-4911-B183-FC1D9A1B9330}"
EndProject
Project("{FAE04EC0-301F-11D3-BF4B-00C04F79EFBC}") = "Video.Tests", "tests\Video.Tests\Video.Tests.csproj", "{CCA1D41D-9DC8-4D48-B955-4C12F1A930FD}"
EndProject
Project("{FAE04EC0-301F-11D3-BF4B-00C04F79EFBC}") = "Project.Tests", "tests\Project.Tests\Project.Tests.csproj", "{9EB1A74D-0E6C-4318-AA3E-53DAD79391D8}"
EndProject
Global
	GlobalSection(SolutionConfigurationPlatforms) = preSolution
		Debug|Any CPU = Debug|Any CPU
		Release|Any CPU = Release|Any CPU
	EndGlobalSection
	GlobalSection(ProjectConfigurationPlatforms) = postSolution
		{1CCD14AC-EED1-4D12-ADF8-8C9F5047F342}.Debug|Any CPU.ActiveCfg = Debug|Any CPU
		{1CCD14AC-EED1-4D12-ADF8-8C9F5047F342}.Debug|Any CPU.Build.0 = Debug|Any CPU
		{1CCD14AC-EED1-4D12-ADF8-8C9F5047F342}.Release|Any CPU.ActiveCfg = Release|Any CPU
		{1CCD14AC-EED1-4D12-ADF8-8C9F5047F342}.Release|Any CPU.Build.0 = Release|Any CPU
		{8EBD618E-5F92-4E4A-B4C5-38FCEECDB9A7}.Debug|Any CPU.ActiveCfg = Debug|Any CPU
		{8EBD618E-5F92-4E4A-B4C5-38FCEECDB9A7}.Debug|Any CPU.Build.0 = Debug|Any CPU
		{8EBD618E-5F92-4E4A-B4C5-38FCEECDB9A7}.Release|Any CPU.ActiveCfg = Release|Any CPU
		{8EBD618E-5F92-4E4A-B4C5-38FCEECDB9A7}.Release|Any CPU.Build.0 = Release|Any CPU
		{9AC8AEEA-A71F-446E-8981-B67DAE3EE2D6}.Debug|Any CPU.ActiveCfg = Debug|Any CPU
		{9AC8AEEA-A71F-446E-8981-B67DAE3EE2D6}.Debug|Any CPU.Build.0 = Debug|Any CPU
		{9AC8AEEA-A71F-446E-8981-B67DAE3EE2D6}.Release|Any CPU.ActiveCfg = Release|Any CPU
		{9AC8AEEA-A71F-446E-8981-B67DAE3EE2D6}.Release|Any CPU.Build.0 = Release|Any CPU
		{0C36C851-15A6-4A4E-BEE2-B994C04FD637}.Debug|Any CPU.ActiveCfg = Debug|Any CPU
		{0C36C851-15A6-4A4E-BEE2-B994C04FD637}.Debug|Any CPU.Build.0 = Debug|Any CPU
		{0C36C851-15A6-4A4E-BEE2-B994C04FD637}.Release|Any CPU.ActiveCfg = Release|Any CPU
		{0C36C851-15A6-4A4E-BEE2-B994C04FD637}.Release|Any CPU.Build.0 = Release|Any CPU
		{5B85BE14-93C3-4CD8-BCCB-DB597A01A823}.Debug|Any CPU.ActiveCfg = Debug|Any CPU
		{5B85BE14-93C3-4CD8-BCCB-DB597A01A823}.Debug|Any CPU.Build.0 = Debug|Any CPU
		{5B85BE14-93C3-4CD8-BCCB-DB597A01A823}.Release|Any CPU.ActiveCfg = Release|Any CPU
		{5B85BE14-93C3-4CD8-BCCB-DB597A01A823}.Release|Any CPU.Build.0 = Release|Any CPU
		{D32B4202-5C56-49B7-A6C8-E03B0F073CF8}.Debug|Any CPU.ActiveCfg = Debug|Any CPU
		{D32B4202-5C56-49B7-A6C8-E03B0F073CF8}.Debug|Any CPU.Build.0 = Debug|Any CPU
		{D32B4202-5C56-49B7-A6C8-E03B0F073CF8}.Release|Any CPU.ActiveCfg = Release|Any CPU
		{D32B4202-5C56-49B7-A6C8-E03B0F073CF8}.Release|Any CPU.Build.0 = Release|Any CPU
		{906D8B19-9927-4A0C-A71F-51B478D1F765}.Debug|Any CPU.ActiveCfg = Debug|Any CPU
		{906D8B19-9927-4A0C-A71F-51B478D1F765}.Debug|Any CPU.Build.0 = Debug|Any CPU
		{906D8B19-9927-4A0C-A71F-51B478D1F765}.Release|Any CPU.ActiveCfg = Release|Any CPU
		{906D8B19-9927-4A0C-A71F-51B478D1F765}.Release|Any CPU.Build.0 = Release|Any CPU
		{BDD927D0-2293-48F1-B3D9-5C7C4661EC30}.Debug|Any CPU.ActiveCfg = Debug|Any CPU
		{BDD927D0-2293-48F1-B3D9-5C7C4661EC30}.Debug|Any CPU.Build.0 = Debug|Any CPU
		{BDD927D0-2293-48F1-B3D9-5C7C4661EC30}.Release|Any CPU.ActiveCfg = Release|Any CPU
		{BDD927D0-2293-48F1-B3D9-5C7C4661EC30}.Release|Any CPU.Build.0 = Release|Any CPU
		{8DEC555C-407D-41F9-AB48-46F748B8883C}.Debug|Any CPU.ActiveCfg = Debug|Any CPU
		{8DEC555C-407D-41F9-AB48-46F748B8883C}.Debug|Any CPU.Build.0 = Debug|Any CPU
		{8DEC555C-407D-41F9-AB48-46F748B8883C}.Release|Any CPU.ActiveCfg = Release|Any CPU
		{8DEC555C-407D-41F9-AB48-46F748B8883C}.Release|Any CPU.Build.0 = Release|Any CPU
		{33AD6127-FBF5-4100-9C01-C1955CF6658E}.Debug|Any CPU.ActiveCfg = Debug|Any CPU
		{33AD6127-FBF5-4100-9C01-C1955CF6658E}.Debug|Any CPU.Build.0 = Debug|Any CPU
		{33AD6127-FBF5-4100-9C01-C1955CF6658E}.Release|Any CPU.ActiveCfg = Release|Any CPU
		{33AD6127-FBF5-4100-9C01-C1955CF6658E}.Release|Any CPU.Build.0 = Release|Any CPU
		{2377CD88-948B-4936-B134-8F5329D41D30}.Debug|Any CPU.ActiveCfg = Debug|Any CPU
		{2377CD88-948B-4936-B134-8F5329D41D30}.Debug|Any CPU.Build.0 = Debug|Any CPU
		{2377CD88-948B-4936-B134-8F5329D41D30}.Release|Any CPU.ActiveCfg = Release|Any CPU
		{2377CD88-948B-4936-B134-8F5329D41D30}.Release|Any CPU.Build.0 = Release|Any CPU
		{0688146E-C2A4-4C22-BB27-87F1054D9F8B}.Debug|Any CPU.ActiveCfg = Debug|Any CPU
		{0688146E-C2A4-4C22-BB27-87F1054D9F8B}.Debug|Any CPU.Build.0 = Debug|Any CPU
		{0688146E-C2A4-4C22-BB27-87F1054D9F8B}.Release|Any CPU.ActiveCfg = Release|Any CPU
		{0688146E-C2A4-4C22-BB27-87F1054D9F8B}.Release|Any CPU.Build.0 = Release|Any CPU
		{6391B25A-A3E6-4D01-9DFF-20AF0A3382C3}.Debug|Any CPU.ActiveCfg = Debug|Any CPU
		{6391B25A-A3E6-4D01-9DFF-20AF0A3382C3}.Debug|Any CPU.Build.0 = Debug|Any CPU
		{6391B25A-A3E6-4D01-9DFF-20AF0A3382C3}.Release|Any CPU.ActiveCfg = Release|Any CPU
		{6391B25A-A3E6-4D01-9DFF-20AF0A3382C3}.Release|Any CPU.Build.0 = Release|Any CPU
		{C1B51FCC-65FE-4911-B183-FC1D9A1B9330}.Debug|Any CPU.ActiveCfg = Debug|Any CPU
		{C1B51FCC-65FE-4911-B183-FC1D9A1B9330}.Debug|Any CPU.Build.0 = Debug|Any CPU
		{C1B51FCC-65FE-4911-B183-FC1D9A1B9330}.Release|Any CPU.ActiveCfg = Release|Any CPU
		{C1B51FCC-65FE-4911-B183-FC1D9A1B9330}.Release|Any CPU.Build.0 = Release|Any CPU
		{CCA1D41D-9DC8-4D48-B955-4C12F1A930FD}.Debug|Any CPU.ActiveCfg = Debug|Any CPU
		{CCA1D41D-9DC8-4D48-B955-4C12F1A930FD}.Debug|Any CPU.Build.0 = Debug|Any CPU
		{CCA1D41D-9DC8-4D48-B955-4C12F1A930FD}.Release|Any CPU.ActiveCfg = Release|Any CPU
		{CCA1D41D-9DC8-4D48-B955-4C12F1A930FD}.Release|Any CPU.Build.0 = Release|Any CPU
		{9EB1A74D-0E6C-4318-AA3E-53DAD79391D8}.Debug|Any CPU.ActiveCfg = Debug|Any CPU
		{9EB1A74D-0E6C-4318-AA3E-53DAD79391D8}.Debug|Any CPU.Build.0 = Debug|Any CPU
		{9EB1A74D-0E6C-4318-AA3E-53DAD79391D8}.Release|Any CPU.ActiveCfg = Release|Any CPU
		{9EB1A74D-0E6C-4318-AA3E-53DAD79391D8}.Release|Any CPU.Build.0 = Release|Any CPU
	EndGlobalSection
	GlobalSection(SolutionProperties) = preSolution
		HideSolutionNode = FALSE
	EndGlobalSection
	GlobalSection(NestedProjects) = preSolution
		{1CCD14AC-EED1-4D12-ADF8-8C9F5047F342} = {11111111-0000-0000-0000-000000000001}
		{8EBD618E-5F92-4E4A-B4C5-38FCEECDB9A7} = {11111111-0000-0000-0000-000000000001}
		{9AC8AEEA-A71F-446E-8981-B67DAE3EE2D6} = {11111111-0000-0000-0000-000000000001}
		{0C36C851-15A6-4A4E-BEE2-B994C04FD637} = {11111111-0000-0000-0000-000000000001}
		{5B85BE14-93C3-4CD8-BCCB-DB597A01A823} = {11111111-0000-0000-0000-000000000001}
		{D32B4202-5C56-49B7-A6C8-E03B0F073CF8} = {11111111-0000-0000-0000-000000000001}
		{906D8B19-9927-4A0C-A71F-51B478D1F765} = {11111111-0000-0000-0000-000000000001}
		{BDD927D0-2293-48F1-B3D9-5C7C4661EC30} = {11111111-0000-0000-0000-000000000001}
		{8DEC555C-407D-41F9-AB48-46F748B8883C} = {11111111-0000-0000-0000-000000000001}
		{33AD6127-FBF5-4100-9C01-C1955CF6658E} = {11111111-0000-0000-0000-000000000001}
		{2377CD88-948B-4936-B134-8F5329D41D30} = {11111111-0000-0000-0000-000000000001}
		{0688146E-C2A4-4C22-BB27-87F1054D9F8B} = {11111111-0000-0000-0000-000000000002}
		{6391B25A-A3E6-4D01-9DFF-20AF0A3382C3} = {11111111-0000-0000-0000-000000000002}
		{C1B51FCC-65FE-4911-B183-FC1D9A1B9330} = {11111111-0000-0000-0000-000000000002}
		{CCA1D41D-9DC8-4D48-B955-4C12F1A930FD} = {11111111-0000-0000-0000-000000000002}
		{9EB1A74D-0E6C-4318-AA3E-53DAD79391D8} = {11111111-0000-0000-0000-000000000002}
	EndGlobalSection
EndGlobal
